Microsoft Visual Studio Solution File, Format Version 11.00
# Visual Studio 2008

Project("{0CEDA828-5B26-22EE-180F-CDB76AA57364}") = "The_Ocean_v2", "Assembly-CSharp-firstpass.csproj", "{5CA0A6B8-40CA-A872-8919-C4F1B84F0E73}"
EndProject
Project("{0CEDA828-5B26-22EE-180F-CDB76AA57364}") = "The_Ocean_v2", "Assembly-CSharp.csproj", "{F0043F7F-8740-1CA2-ECFA-7965DB68343F}"
EndProject
Project("{0CEDA828-5B26-22EE-180F-CDB76AA57364}") = "The_Ocean_v2", "Assembly-CSharp-Editor.csproj", "{A42F9E5A-4F33-38AF-D4E7-4E5FDC402B53}"
EndProject
Global
	GlobalSection(SolutionConfigurationPlatforms) = preSolution
		Debug|Any CPU = Debug|Any CPU
		Release|Any CPU = Release|Any CPU
	EndGlobalSection
	GlobalSection(ProjectConfigurationPlatforms) = postSolution
		{5CA0A6B8-40CA-A872-8919-C4F1B84F0E73}.Debug|Any CPU.ActiveCfg = Debug|Any CPU
		{5CA0A6B8-40CA-A872-8919-C4F1B84F0E73}.Debug|Any CPU.Build.0 = Debug|Any CPU
		{5CA0A6B8-40CA-A872-8919-C4F1B84F0E73}.Release|Any CPU.ActiveCfg = Release|Any CPU
		{5CA0A6B8-40CA-A872-8919-C4F1B84F0E73}.Release|Any CPU.Build.0 = Release|Any CPU
		{F0043F7F-8740-1CA2-ECFA-7965DB68343F}.Debug|Any CPU.ActiveCfg = Debug|Any CPU
		{F0043F7F-8740-1CA2-ECFA-7965DB68343F}.Debug|Any CPU.Build.0 = Debug|Any CPU
		{F0043F7F-8740-1CA2-ECFA-7965DB68343F}.Release|Any CPU.ActiveCfg = Release|Any CPU
		{F0043F7F-8740-1CA2-ECFA-7965DB68343F}.Release|Any CPU.Build.0 = Release|Any CPU
		{A42F9E5A-4F33-38AF-D4E7-4E5FDC402B53}.Debug|Any CPU.ActiveCfg = Debug|Any CPU
		{A42F9E5A-4F33-38AF-D4E7-4E5FDC402B53}.Debug|Any CPU.Build.0 = Debug|Any CPU
		{A42F9E5A-4F33-38AF-D4E7-4E5FDC402B53}.Release|Any CPU.ActiveCfg = Release|Any CPU
		{A42F9E5A-4F33-38AF-D4E7-4E5FDC402B53}.Release|Any CPU.Build.0 = Release|Any CPU
	EndGlobalSection
	GlobalSection(SolutionProperties) = preSolution
		HideSolutionNode = FALSE
	EndGlobalSection
	GlobalSection(MonoDevelopProperties) = preSolution
		StartupItem = Assembly-CSharp.csproj
	EndGlobalSection
EndGlobal
